{
  "lockfile_version": "1",
  "packages": {
    "github:NixOS/nixpkgs/nixpkgs-unstable": {
      "last_modified": "2026-04-11T06:17:25Z",
      "resolved": "github:NixOS/nixpkgs/13043924aaa7375ce482ebe2494338e058282925?lastModified=1775888245&narHash=sha256-nwASzrRDD1JBEu%2Fo8ekKYEXm%2FoJW6EMCzCRdrwcLe90%3D"
    },
    "gren@0.6": {
      "last_modified": "2026-03-27T11:17:38Z",
      "resolved": "github:NixOS/nixpkgs/832efc09b4caf6b4569fbf9dc01bec3082a00611#gren",
      "source": "devbox-search",
      "version": "0.6.5",
      "systems": {
        "aarch64-darwin": {
          "outputs": [
            {
              "name": "out",
              "path": "/nix/store/kijfkwvkxkfp8vpzj630q99k5cymdgx2-gren-0.6.5",
              "default": true
            }
          ],
          "store_path": "/nix/store/kijfkwvkxkfp8vpzj630q99k5cymdgx2-gren-0.6.5"
        },
        "aarch64-linux": {
          "outputs": [
            {
              "name": "out",
              "path": "/nix/store/a2za3hav09hg1amcj225b913dyfjs2wp-gren-0.6.5",
              "default": true
            }
          ],
          "store_path": "/nix/store/a2za3hav09hg1amcj225b913dyfjs2wp-gren-0.6.5"
        },
        "x86_64-darwin": {
          "outputs": [
            {
              "name": "out",
              "path": "/nix/store/0mrp2wghqzmlcqc6nrfpv9l7s1p3kmcg-gren-0.6.5",
              "default": true
            }
          ],
          "store_path": "/nix/store/0mrp2wghqzmlcqc6nrfpv9l7s1p3kmcg-gren-0.6.5"
        },
        "x86_64-linux": {
          "outputs": [
            {
              "name": "out",
              "path": "/nix/store/3bc06xrds99f1cdhymrfyv8nwi43q8bp-gren-0.6.5",
              "default": true
            }
          ],
          "store_path": "/nix/store/3bc06xrds99f1cdhymrfyv8nwi43q8bp-gren-0.6.5"
        }
      }
    },
    "nodePackages.prettier@latest": {
      "last_modified": "2025-05-21T18:43:04Z",
      "resolved": "github:NixOS/nixpkgs/8c441601c43232976179eac52dde704c8bdf81ed#nodePackages.prettier",
      "source": "devbox-search",
      "version": "3.5.3",
      "systems": {
        "aarch64-darwin": {
          "outputs": [
            {
              "name": "out",
              "path": "/nix/store/yspchsd3ww1ddz2r5783kw8y9j0vr3r8-prettier-3.5.3",
              "default": true
            }
          ],
          "store_path": "/nix/store/yspchsd3ww1ddz2r5783kw8y9j0vr3r8-prettier-3.5.3"
        },
        "aarch64-linux": {
          "outputs": [
            {
              "name": "out",
              "path": "/nix/store/ya3imag4wkxj3g5fws96rzyzv36m74w8-prettier-3.5.3",
              "default": true
            }
          ],
          "store_path": "/nix/store/ya3imag4wkxj3g5fws96rzyzv36m74w8-prettier-3.5.3"
        },
        "x86_64-darwin": {
          "outputs": [
            {
              "name": "out",
              "path": "/nix/store/f9q2y20qa56hjzxnia0q664m0rkwwqvm-prettier-3.5.3",
              "default": true
            }
          ],
          "store_path": "/nix/store/f9q2y20qa56hjzxnia0q664m0rkwwqvm-prettier-3.5.3"
        },
        "x86_64-linux": {
          "outputs": [
            {
              "name": "out",
              "path": "/nix/store/wry9vlk19pk7izrknb980icc8gihzllx-prettier-3.5.3",
              "default": true
            }
          ],
          "store_path": "/nix/store/wry9vlk19pk7izrknb980icc8gihzllx-prettier-3.5.3"
        }
      }
    },
    "nodejs@22": {
      "last_modified": "2026-03-27T11:17:38Z",
      "plugin_version": "0.0.2",
      "resolved": "github:NixOS/nixpkgs/832efc09b4caf6b4569fbf9dc01bec3082a00611#nodejs_22",
      "source": "devbox-search",
      "version": "22.22.2",
      "systems": {
        "aarch64-darwin": {
          "outputs": [
            {
              "name": "out",
              "path": "/nix/store/jp1j44w4fvrxvx62fasairgwv80iw6x3-nodejs-22.22.2",
              "default": true
            }
          ],
          "store_path": "/nix/store/jp1j44w4fvrxvx62fasairgwv80iw6x3-nodejs-22.22.2"
        },
        "aarch64-linux": {
          "outputs": [
            {
              "name": "out",
              "path": "/nix/store/8h77mdsa9py3x9xxx2yak50fl6kqf2ma-nodejs-22.22.2",
              "default": true
            }
          ],
          "store_path": "/nix/store/8h77mdsa9py3x9xxx2yak50fl6kqf2ma-nodejs-22.22.2"
        },
        "x86_64-darwin": {
          "outputs": [
            {
              "name": "out",
              "path": "/nix/store/xn66x7bs1winnfa4pakr9lrjamb9bmj3-nodejs-22.22.2",
              "default": true
            }
          ],
          "store_path": "/nix/store/xn66x7bs1winnfa4pakr9lrjamb9bmj3-nodejs-22.22.2"
        },
        "x86_64-linux": {
          "outputs": [
            {
              "name": "out",
              "path": "/nix/store/h2barca1k5pmvcyl9fwrzwrb4cn1b248-nodejs-22.22.2",
              "default": true
            }
          ],
          "store_path": "/nix/store/h2barca1k5pmvcyl9fwrzwrb4cn1b248-nodejs-22.22.2"
        }
      }
    }
  }
}
