{
  "lockfile_version": "1",
  "packages": {
    "github:NixOS/nixpkgs/nixpkgs-unstable": {
      "last_modified": "2026-04-28T17:03:49Z",
      "resolved": "github:NixOS/nixpkgs/e75f25705c2934955ee5075e62530d74aca973c6?lastModified=1777395829&narHash=sha256-HposVFZcsBCevgqLR73w%2FBpSe8J1lMgw5kASnnxO3A4%3D"
    },
    "gren@0.6": {
      "last_modified": "2026-04-23T13:07:47Z",
      "resolved": "github:NixOS/nixpkgs/01fbdeef22b76df85ea168fbfe1bfd9e63681b30#gren",
      "source": "devbox-search",
      "version": "0.6.5",
      "systems": {
        "aarch64-darwin": {
          "outputs": [
            {
              "name": "out",
              "path": "/nix/store/j4xvzzlrzijd7w27hyr83j5lz27nrz0w-gren-0.6.5",
              "default": true
            }
          ],
          "store_path": "/nix/store/j4xvzzlrzijd7w27hyr83j5lz27nrz0w-gren-0.6.5"
        },
        "aarch64-linux": {
          "outputs": [
            {
              "name": "out",
              "path": "/nix/store/w1z0f4h2slsdzj0m4kblfk49mcfh3b61-gren-0.6.5",
              "default": true
            }
          ],
          "store_path": "/nix/store/w1z0f4h2slsdzj0m4kblfk49mcfh3b61-gren-0.6.5"
        },
        "x86_64-darwin": {
          "outputs": [
            {
              "name": "out",
              "path": "/nix/store/n2l1krv8jhm61n8idbj4f97qgn20pagc-gren-0.6.5",
              "default": true
            }
          ],
          "store_path": "/nix/store/n2l1krv8jhm61n8idbj4f97qgn20pagc-gren-0.6.5"
        },
        "x86_64-linux": {
          "outputs": [
            {
              "name": "out",
              "path": "/nix/store/2axa79xb6qlnq6a7p16wy83chi4cj7z2-gren-0.6.5",
              "default": true
            }
          ],
          "store_path": "/nix/store/2axa79xb6qlnq6a7p16wy83chi4cj7z2-gren-0.6.5"
        }
      }
    },
    "nodePackages.prettier@latest": {
      "last_modified": "2025-05-21T18:43:04Z",
      "resolved": "github:NixOS/nixpkgs/8c441601c43232976179eac52dde704c8bdf81ed#nodePackages.prettier",
      "source": "devbox-search",
      "version": "3.5.3",
      "systems": {
        "aarch64-darwin": {
          "outputs": [
            {
              "name": "out",
              "path": "/nix/store/yspchsd3ww1ddz2r5783kw8y9j0vr3r8-prettier-3.5.3",
              "default": true
            }
          ],
          "store_path": "/nix/store/yspchsd3ww1ddz2r5783kw8y9j0vr3r8-prettier-3.5.3"
        },
        "aarch64-linux": {
          "outputs": [
            {
              "name": "out",
              "path": "/nix/store/ya3imag4wkxj3g5fws96rzyzv36m74w8-prettier-3.5.3",
              "default": true
            }
          ],
          "store_path": "/nix/store/ya3imag4wkxj3g5fws96rzyzv36m74w8-prettier-3.5.3"
        },
        "x86_64-darwin": {
          "outputs": [
            {
              "name": "out",
              "path": "/nix/store/f9q2y20qa56hjzxnia0q664m0rkwwqvm-prettier-3.5.3",
              "default": true
            }
          ],
          "store_path": "/nix/store/f9q2y20qa56hjzxnia0q664m0rkwwqvm-prettier-3.5.3"
        },
        "x86_64-linux": {
          "outputs": [
            {
              "name": "out",
              "path": "/nix/store/wry9vlk19pk7izrknb980icc8gihzllx-prettier-3.5.3",
              "default": true
            }
          ],
          "store_path": "/nix/store/wry9vlk19pk7izrknb980icc8gihzllx-prettier-3.5.3"
        }
      }
    },
    "nodejs@20": {
      "last_modified": "2026-04-23T13:07:47Z",
      "plugin_version": "0.0.2",
      "resolved": "github:NixOS/nixpkgs/01fbdeef22b76df85ea168fbfe1bfd9e63681b30#nodejs_20",
      "source": "devbox-search",
      "version": "20.20.2",
      "systems": {
        "aarch64-darwin": {
          "outputs": [
            {
              "name": "out",
              "path": "/nix/store/gvr230jrjzznrhlmfymjj37x0dx3srvv-nodejs-20.20.2",
              "default": true
            }
          ],
          "store_path": "/nix/store/gvr230jrjzznrhlmfymjj37x0dx3srvv-nodejs-20.20.2"
        },
        "aarch64-linux": {
          "outputs": [
            {
              "name": "out",
              "path": "/nix/store/jx5whkya850cy6a1fjf74p5dfqlcp1cq-nodejs-20.20.2",
              "default": true
            }
          ],
          "store_path": "/nix/store/jx5whkya850cy6a1fjf74p5dfqlcp1cq-nodejs-20.20.2"
        },
        "x86_64-darwin": {
          "outputs": [
            {
              "name": "out",
              "path": "/nix/store/ggqdy8b4b62gr1ak2v41dka5s1dmflzk-nodejs-20.20.2",
              "default": true
            }
          ],
          "store_path": "/nix/store/ggqdy8b4b62gr1ak2v41dka5s1dmflzk-nodejs-20.20.2"
        },
        "x86_64-linux": {
          "outputs": [
            {
              "name": "out",
              "path": "/nix/store/nr0dnrnibq8114xa0i7zr7qg6n05q03g-nodejs-20.20.2",
              "default": true
            }
          ],
          "store_path": "/nix/store/nr0dnrnibq8114xa0i7zr7qg6n05q03g-nodejs-20.20.2"
        }
      }
    }
  }
}
