{
  "lockfile_version": "1",
  "packages": {
    "github:NixOS/nixpkgs/nixpkgs-unstable": {
      "last_modified": "2026-09-18T09:35:58Z",
      "resolved": "github:NixOS/nixpkgs/0a3468a402c449992505b6a9fc5b06580141b750?lastModified=1789724158&narHash=sha256-nlKgrm0dsVhOSopKheVBCcOpiIticufPPVLdVOI0euA%3D"
    },
    "gren@0.6": {
      "last_modified": "2026-08-27T07:16:00Z",
      "resolved": "github:NixOS/nixpkgs/c27cdad491a991b11ed731760aa2ef8db0cb0410#gren",
      "source": "devbox-search",
      "version": "0.6.6",
      "systems": {
        "aarch64-darwin": {
          "outputs": [
            {
              "name": "out",
              "path": "/nix/store/9zf079c4yzndm4afp2411hbl1rhvsja7-gren-0.6.6",
              "default": true
            }
          ],
          "store_path": "/nix/store/9zf079c4yzndm4afp2411hbl1rhvsja7-gren-0.6.6"
        },
        "aarch64-linux": {
          "outputs": [
            {
              "name": "out",
              "path": "/nix/store/87h66448lzrv4j5k12imwq38as18524p-gren-0.6.6",
              "default": true
            }
          ],
          "store_path": "/nix/store/87h66448lzrv4j5k12imwq38as18524p-gren-0.6.6"
        },
        "x86_64-darwin": {
          "outputs": [
            {
              "name": "out",
              "path": "/nix/store/56y0sjs175cqpwdfvq00yy29ibcyzbc8-gren-0.6.6",
              "default": true
            }
          ],
          "store_path": "/nix/store/56y0sjs175cqpwdfvq00yy29ibcyzbc8-gren-0.6.6"
        },
        "x86_64-linux": {
          "outputs": [
            {
              "name": "out",
              "path": "/nix/store/v3dwxk8jfhm13cfxxz4l45k50nbwmf4g-gren-0.6.6",
              "default": true
            }
          ],
          "store_path": "/nix/store/v3dwxk8jfhm13cfxxz4l45k50nbwmf4g-gren-0.6.6"
        }
      }
    },
    "just@latest": {
      "last_modified": "2026-08-27T07:16:00Z",
      "resolved": "github:NixOS/nixpkgs/c27cdad491a991b11ed731760aa2ef8db0cb0410#just",
      "source": "devbox-search",
      "version": "1.58.0",
      "systems": {
        "aarch64-darwin": {
          "outputs": [
            {
              "name": "out",
              "path": "/nix/store/ank1rvxdg1r21v885zm7k8q2sqx285x5-just-1.58.0",
              "default": true
            },
            {
              "name": "man",
              "path": "/nix/store/z01s84l6hcxqpww7fsy4kahfilrsxp9f-just-1.58.0-man",
              "default": true
            },
            {
              "name": "doc",
              "path": "/nix/store/vz523mpwxiavavi83l6fh1g8i83s5agd-just-1.58.0-doc"
            }
          ],
          "store_path": "/nix/store/ank1rvxdg1r21v885zm7k8q2sqx285x5-just-1.58.0"
        },
        "aarch64-linux": {
          "outputs": [
            {
              "name": "out",
              "path": "/nix/store/byn68yph58ab2fa3jbbp014nigxmqsap-just-1.58.0",
              "default": true
            },
            {
              "name": "man",
              "path": "/nix/store/34mnxpqp459m210akn6lp0ay2bxfnnlf-just-1.58.0-man",
              "default": true
            },
            {
              "name": "doc",
              "path": "/nix/store/a2jv2k0g7vjvwwgzbgrlrynpq5cpvqj3-just-1.58.0-doc"
            }
          ],
          "store_path": "/nix/store/byn68yph58ab2fa3jbbp014nigxmqsap-just-1.58.0"
        },
        "x86_64-linux": {
          "outputs": [
            {
              "name": "out",
              "path": "/nix/store/z4czsax3mdyxx77mwb0yjarnzb1rip00-just-1.58.0",
              "default": true
            },
            {
              "name": "man",
              "path": "/nix/store/glg48g04x9bdibq3ylr69jz130lwdhbr-just-1.58.0-man",
              "default": true
            },
            {
              "name": "doc",
              "path": "/nix/store/nfnqh8gnsy9lv1ppmc5vzpf4zvkxcwqc-just-1.58.0-doc"
            }
          ],
          "store_path": "/nix/store/z4czsax3mdyxx77mwb0yjarnzb1rip00-just-1.58.0"
        }
      }
    },
    "nodePackages.prettier@latest": {
      "last_modified": "2025-05-21T18:43:04Z",
      "resolved": "github:NixOS/nixpkgs/8c441601c43232976179eac52dde704c8bdf81ed#nodePackages.prettier",
      "source": "devbox-search",
      "version": "3.5.3",
      "systems": {
        "aarch64-darwin": {
          "outputs": [
            {
              "name": "out",
              "path": "/nix/store/yspchsd3ww1ddz2r5783kw8y9j0vr3r8-prettier-3.5.3",
              "default": true
            }
          ],
          "store_path": "/nix/store/yspchsd3ww1ddz2r5783kw8y9j0vr3r8-prettier-3.5.3"
        },
        "aarch64-linux": {
          "outputs": [
            {
              "name": "out",
              "path": "/nix/store/ya3imag4wkxj3g5fws96rzyzv36m74w8-prettier-3.5.3",
              "default": true
            }
          ],
          "store_path": "/nix/store/ya3imag4wkxj3g5fws96rzyzv36m74w8-prettier-3.5.3"
        },
        "x86_64-darwin": {
          "outputs": [
            {
              "name": "out",
              "path": "/nix/store/f9q2y20qa56hjzxnia0q664m0rkwwqvm-prettier-3.5.3",
              "default": true
            }
          ],
          "store_path": "/nix/store/f9q2y20qa56hjzxnia0q664m0rkwwqvm-prettier-3.5.3"
        },
        "x86_64-linux": {
          "outputs": [
            {
              "name": "out",
              "path": "/nix/store/wry9vlk19pk7izrknb980icc8gihzllx-prettier-3.5.3",
              "default": true
            }
          ],
          "store_path": "/nix/store/wry9vlk19pk7izrknb980icc8gihzllx-prettier-3.5.3"
        }
      }
    },
    "nodejs@22": {
      "last_modified": "2026-08-27T07:16:00Z",
      "plugin_version": "0.0.4",
      "resolved": "github:NixOS/nixpkgs/c27cdad491a991b11ed731760aa2ef8db0cb0410#nodejs_22",
      "source": "devbox-search",
      "version": "22.23.2",
      "systems": {
        "aarch64-darwin": {
          "outputs": [
            {
              "name": "out",
              "path": "/nix/store/6hbiyfa4gzcjr6bnr440nnwznlsaldlc-nodejs-22.23.2",
              "default": true
            }
          ],
          "store_path": "/nix/store/6hbiyfa4gzcjr6bnr440nnwznlsaldlc-nodejs-22.23.2"
        },
        "aarch64-linux": {
          "outputs": [
            {
              "name": "out",
              "path": "/nix/store/v6xnbaql2wc91k13xcfhr60r52ich6bw-nodejs-22.23.2",
              "default": true
            }
          ],
          "store_path": "/nix/store/v6xnbaql2wc91k13xcfhr60r52ich6bw-nodejs-22.23.2"
        },
        "x86_64-linux": {
          "outputs": [
            {
              "name": "out",
              "path": "/nix/store/gf597zf0ysgbngwb92baxgxjd02px6jh-nodejs-22.23.2",
              "default": true
            }
          ],
          "store_path": "/nix/store/gf597zf0ysgbngwb92baxgxjd02px6jh-nodejs-22.23.2"
        }
      }
    }
  }
}
